
Microsoft Visual Studio Solution File, Format Version 12.00
# Visual Studio 2012
Project("{D954291E-2A0B-460D-934E-DC6B0785DB48}") = "ProjectEcclesia", "ProjectEcclesia\ProjectEcclesia.shproj", "{C66A7859-8D81-4FE0-A2B2-A0E6B18E121A}"
EndProject
Project("{FAE04EC0-301F-11D3-BF4B-00C04F79EFBC}") = "ProjectEcclesia.iOS", "iOS\ProjectEcclesia.iOS.csproj", "{42954D7C-A333-4B3E-9A42-21910F644EA4}"
EndProject
Project("{FAE04EC0-301F-11D3-BF4B-00C04F79EFBC}") = "ProjectEcclesia.Android", "Android\ProjectEcclesia.Android.csproj", "{04771C21-089F-4C45-98B2-4A1B0941BD07}"
EndProject
Global
	GlobalSection(SolutionConfigurationPlatforms) = preSolution
		Debug|iPhoneSimulator = Debug|iPhoneSimulator
		Release|iPhoneSimulator = Release|iPhoneSimulator
		Debug|iPhone = Debug|iPhone
		Release|iPhone = Release|iPhone
		Ad-Hoc|iPhone = Ad-Hoc|iPhone
		AppStore|iPhone = AppStore|iPhone
		Debug|Any CPU = Debug|Any CPU
		Release|Any CPU = Release|Any CPU
	EndGlobalSection
	GlobalSection(ProjectConfigurationPlatforms) = postSolution
		{04771C21-089F-4C45-98B2-4A1B0941BD07}.Ad-Hoc|iPhone.ActiveCfg = Release|Any CPU
		{04771C21-089F-4C45-98B2-4A1B0941BD07}.Ad-Hoc|iPhone.Build.0 = Release|Any CPU
		{04771C21-089F-4C45-98B2-4A1B0941BD07}.AppStore|iPhone.ActiveCfg = Release|Any CPU
		{04771C21-089F-4C45-98B2-4A1B0941BD07}.AppStore|iPhone.Build.0 = Release|Any CPU
		{04771C21-089F-4C45-98B2-4A1B0941BD07}.Debug|Any CPU.ActiveCfg = Debug|Any CPU
		{04771C21-089F-4C45-98B2-4A1B0941BD07}.Debug|Any CPU.Build.0 = Debug|Any CPU
		{04771C21-089F-4C45-98B2-4A1B0941BD07}.Debug|iPhone.ActiveCfg = Debug|Any CPU
		{04771C21-089F-4C45-98B2-4A1B0941BD07}.Debug|iPhone.Build.0 = Debug|Any CPU
		{04771C21-089F-4C45-98B2-4A1B0941BD07}.Debug|iPhoneSimulator.ActiveCfg = Debug|Any CPU
		{04771C21-089F-4C45-98B2-4A1B0941BD07}.Debug|iPhoneSimulator.Build.0 = Debug|Any CPU
		{04771C21-089F-4C45-98B2-4A1B0941BD07}.Release|Any CPU.ActiveCfg = Release|Any CPU
		{04771C21-089F-4C45-98B2-4A1B0941BD07}.Release|Any CPU.Build.0 = Release|Any CPU
		{04771C21-089F-4C45-98B2-4A1B0941BD07}.Release|iPhone.ActiveCfg = Release|Any CPU
		{04771C21-089F-4C45-98B2-4A1B0941BD07}.Release|iPhone.Build.0 = Release|Any CPU
		{04771C21-089F-4C45-98B2-4A1B0941BD07}.Release|iPhoneSimulator.ActiveCfg = Release|Any CPU
		{04771C21-089F-4C45-98B2-4A1B0941BD07}.Release|iPhoneSimulator.Build.0 = Release|Any CPU
		{42954D7C-A333-4B3E-9A42-21910F644EA4}.Ad-Hoc|iPhone.ActiveCfg = Ad-Hoc|iPhone
		{42954D7C-A333-4B3E-9A42-21910F644EA4}.Ad-Hoc|iPhone.Build.0 = Ad-Hoc|iPhone
		{42954D7C-A333-4B3E-9A42-21910F644EA4}.AppStore|iPhone.ActiveCfg = AppStore|iPhone
		{42954D7C-A333-4B3E-9A42-21910F644EA4}.AppStore|iPhone.Build.0 = AppStore|iPhone
		{42954D7C-A333-4B3E-9A42-21910F644EA4}.Debug|Any CPU.ActiveCfg = Debug|iPhoneSimulator
		{42954D7C-A333-4B3E-9A42-21910F644EA4}.Debug|Any CPU.Build.0 = Debug|iPhoneSimulator
		{42954D7C-A333-4B3E-9A42-21910F644EA4}.Debug|iPhone.ActiveCfg = Debug|iPhone
		{42954D7C-A333-4B3E-9A42-21910F644EA4}.Debug|iPhone.Build.0 = Debug|iPhone
		{42954D7C-A333-4B3E-9A42-21910F644EA4}.Debug|iPhoneSimulator.ActiveCfg = Debug|iPhoneSimulator
		{42954D7C-A333-4B3E-9A42-21910F644EA4}.Debug|iPhoneSimulator.Build.0 = Debug|iPhoneSimulator
		{42954D7C-A333-4B3E-9A42-21910F644EA4}.Release|Any CPU.ActiveCfg = Release|iPhoneSimulator
		{42954D7C-A333-4B3E-9A42-21910F644EA4}.Release|Any CPU.Build.0 = Release|iPhoneSimulator
		{42954D7C-A333-4B3E-9A42-21910F644EA4}.Release|iPhone.ActiveCfg = Release|iPhone
		{42954D7C-A333-4B3E-9A42-21910F644EA4}.Release|iPhone.Build.0 = Release|iPhone
		{42954D7C-A333-4B3E-9A42-21910F644EA4}.Release|iPhoneSimulator.ActiveCfg = Release|iPhoneSimulator
		{42954D7C-A333-4B3E-9A42-21910F644EA4}.Release|iPhoneSimulator.Build.0 = Release|iPhoneSimulator
	EndGlobalSection
	GlobalSection(MonoDevelopProperties) = preSolution
		StartupItem = iOS\ProjectEcclesia.iOS.csproj
		version = 2.0
	EndGlobalSection
EndGlobal
